// !$*UTF8*$!
{
	archiveVersion = 1;
	classes = {
	};
	objectVersion = 46;
	objects = {

/* Begin PBXBuildFile section */
		C06DF4761D578064004C46A2 /* AppDelegate.swift in Sources */ = {isa = PBXBuildFile; fileRef = C06DF4751D578064004C46A2 /* AppDelegate.swift */; };
		C06DF4781D578064004C46A2 /* MasterViewController.swift in Sources */ = {isa = PBXBuildFile; fileRef = C06DF4771D578064004C46A2 /* MasterViewController.swift */; };
		C06DF47A1D578064004C46A2 /* DetailViewController.swift in Sources */ = {isa = PBXBuildFile; fileRef = C06DF4791D578064004C46A2 /* DetailViewController.swift */; };
		C06DF47D1D578064004C46A2 /* Main.storyboard in Resources */ = {isa = PBXBuildFile; fileRef = C06DF47B1D578064004C46A2 /* Main.storyboard */; };
		C06DF47F1D578064004C46A2 /* Assets.xcassets in Resources */ = {isa = PBXBuildFile; fileRef = C06DF47E1D578064004C46A2 /* Assets.xcassets */; };
		C06DF4821D578064004C46A2 /* LaunchScreen.storyboard in Resources */ = {isa = PBXBuildFile; fileRef = C06DF4801D578064004C46A2 /* LaunchScreen.storyboard */; };
		C06DF48D1D578064004C46A2 /* Darts_CricketTests.swift in Sources */ = {isa = PBXBuildFile; fileRef = C06DF48C1D578064004C46A2 /* Darts_CricketTests.swift */; };
		C06DF4981D578064004C46A2 /* Darts_CricketUITests.swift in Sources */ = {isa = PBXBuildFile; fileRef = C06DF4971D578064004C46A2 /* Darts_CricketUITests.swift */; };
/* End PBXBuildFile section */

/* Begin PBXContainerItemProxy section */
		C06DF4891D578064004C46A2 /* PBXContainerItemProxy */ = {
			isa = PBXContainerItemProxy;
			containerPortal = C06DF46A1D578064004C46A2 /* Project object */;
			proxyType = 1;
			remoteGlobalIDString = C06DF4711D578064004C46A2;
			remoteInfo = "Darts Cricket";
		};
		C06DF4941D578064004C46A2 /* PBXContainerItemProxy */ = {
			isa = PBXContainerItemProxy;
			containerPortal = C06DF46A1D578064004C46A2 /* Project object */;
			proxyType = 1;
			remoteGlobalIDString = C06DF4711D578064004C46A2;
			remoteInfo = "Darts Cricket";
		};
/* End PBXContainerItemProxy section */

/* Begin PBXFileReference section */
		C06DF4721D578064004C46A2 /* Darts Cricket.app */ = {isa = PBXFileReference; explicitFileType = wrapper.application; includeInIndex = 0; path = "Darts Cricket.app"; sourceTree = BUILT_PRODUCTS_DIR; };
		C06DF4751D578064004C46A2 /* AppDelegate.swift */ = {isa = PBXFileReference; lastKnownFileType = sourcecode.swift; path = AppDelegate.swift; sourceTree = "<group>"; };
		C06DF4771D578064004C46A2 /* MasterViewController.swift */ = {isa = PBXFileReference; lastKnownFileType = sourcecode.swift; path = MasterViewController.swift; sourceTree = "<group>"; };
		C06DF4791D578064004C46A2 /* DetailViewController.swift */ = {isa = PBXFileReference; lastKnownFileType = sourcecode.swift; path = DetailViewController.swift; sourceTree = "<group>"; };
		C06DF47C1D578064004C46A2 /* Base */ = {isa = PBXFileReference; lastKnownFileType = file.storyboard; name = Base; path = Base.lproj/Main.storyboard; sourceTree = "<group>"; };
		C06DF47E1D578064004C46A2 /* Assets.xcassets */ = {isa = PBXFileReference; lastKnownFileType = folder.assetcatalog; path = Assets.xcassets; sourceTree = "<group>"; };
		C06DF4811D578064004C46A2 /* Base */ = {isa = PBXFileReference; lastKnownFileType = file.storyboard; name = Base; path = Base.lproj/LaunchScreen.storyboard; sourceTree = "<group>"; };
		C06DF4831D578064004C46A2 /* Info.plist */ = {isa = PBXFileReference; lastKnownFileType = text.plist.xml; path = Info.plist; sourceTree = "<group>"; };
		C06DF4881D578064004C46A2 /* Darts CricketTests.xctest */ = {isa = PBXFileReference; explicitFileType = wrapper.cfbundle; includeInIndex = 0; path = "Darts CricketTests.xctest"; sourceTree = BUILT_PRODUCTS_DIR; };
		C06DF48C1D578064004C46A2 /* Darts_CricketTests.swift */ = {isa = PBXFileReference; lastKnownFileType = sourcecode.swift; path = Darts_CricketTests.swift; sourceTree = "<group>"; };
		C06DF48E1D578064004C46A2 /* Info.plist */ = {isa = PBXFileReference; lastKnownFileType = text.plist.xml; path = Info.plist; sourceTree = "<group>"; };
		C06DF4931D578064004C46A2 /* Darts CricketUITests.xctest */ = {isa = PBXFileReference; explicitFileType = wrapper.cfbundle; includeInIndex = 0; path = "Darts CricketUITests.xctest"; sourceTree = BUILT_PRODUCTS_DIR; };
		C06DF4971D578064004C46A2 /* Darts_CricketUITests.swift */ = {isa = PBXFileReference; lastKnownFileType = sourcecode.swift; path = Darts_CricketUITests.swift; sourceTree = "<group>"; };
		C06DF4991D578064004C46A2 /* Info.plist */ = {isa = PBXFileReference; lastKnownFileType = text.plist.xml; path = Info.plist; sourceTree = "<group>"; };
/* End PBXFileReference section */

/* Begin PBXFrameworksBuildPhase section */
		C06DF46F1D578064004C46A2 /* Frameworks */ = {
			isa = PBXFrameworksBuildPhase;
			buildActionMask = 2147483647;
			files = (
			);
			runOnlyForDeploymentPostprocessing = 0;
		};
		C06DF4851D578064004C46A2 /* Frameworks */ = {
			isa = PBXFrameworksBuildPhase;
			buildActionMask = 2147483647;
			files = (
			);
			runOnlyForDeploymentPostprocessing = 0;
		};
		C06DF4901D578064004C46A2 /* Frameworks */ = {
			isa = PBXFrameworksBuildPhase;
			buildActionMask = 2147483647;
			files = (
			);
			runOnlyForDeploymentPostprocessing = 0;
		};
/* End PBXFrameworksBuildPhase section */

/* Begin PBXGroup section */
		C06DF4691D578064004C46A2 = {
			isa = PBXGroup;
			children = (
				C06DF4741D578064004C46A2 /* Darts Cricket */,
				C06DF48B1D578064004C46A2 /* Darts CricketTests */,
				C06DF4961D578064004C46A2 /* Darts CricketUITests */,
				C06DF4731D578064004C46A2 /* Products */,
			);
			sourceTree = "<group>";
		};
		C06DF4731D578064004C46A2 /* Products */ = {
			isa = PBXGroup;
			children = (
				C06DF4721D578064004C46A2 /* Darts Cricket.app */,
				C06DF4881D578064004C46A2 /* Darts CricketTests.xctest */,
				C06DF4931D578064004C46A2 /* Darts CricketUITests.xctest */,
			);
			name = Products;
			sourceTree = "<group>";
		};
		C06DF4741D578064004C46A2 /* Darts Cricket */ = {
			isa = PBXGroup;
			children = (
				C06DF4751D578064004C46A2 /* AppDelegate.swift */,
				C06DF4771D578064004C46A2 /* MasterViewController.swift */,
				C06DF4791D578064004C46A2 /* DetailViewController.swift */,
				C06DF47B1D578064004C46A2 /* Main.storyboard */,
				C06DF47E1D578064004C46A2 /* Assets.xcassets */,
				C06DF4801D578064004C46A2 /* LaunchScreen.storyboard */,
				C06DF4831D578064004C46A2 /* Info.plist */,
			);
			path = "Darts Cricket";
			sourceTree = "<group>";
		};
		C06DF48B1D578064004C46A2 /* Darts CricketTests */ = {
			isa = PBXGroup;
			children = (
				C06DF48C1D578064004C46A2 /* Darts_CricketTests.swift */,
				C06DF48E1D578064004C46A2 /* Info.plist */,
			);
			path = "Darts CricketTests";
			sourceTree = "<group>";
		};
		C06DF4961D578064004C46A2 /* Darts CricketUITests */ = {
			isa = PBXGroup;
			children = (
				C06DF4971D578064004C46A2 /* Darts_CricketUITests.swift */,
				C06DF4991D578064004C46A2 /* Info.plist */,
			);
			path = "Darts CricketUITests";
			sourceTree = "<group>";
		};
/* End PBXGroup section */

/* Begin PBXNativeTarget section */
		C06DF4711D578064004C46A2 /* Darts Cricket */ = {
			isa = PBXNativeTarget;
			buildConfigurationList = C06DF49C1D578064004C46A2 /* Build configuration list for PBXNativeTarget "Darts Cricket" */;
			buildPhases = (
				C06DF46E1D578064004C46A2 /* Sources */,
				C06DF46F1D578064004C46A2 /* Frameworks */,
				C06DF4701D578064004C46A2 /* Resources */,
			);
			buildRules = (
			);
			dependencies = (
			);
			name = "Darts Cricket";
			productName = "Darts Cricket";
			productReference = C06DF4721D578064004C46A2 /* Darts Cricket.app */;
			productType = "com.apple.product-type.application";
		};
		C06DF4871D578064004C46A2 /* Darts CricketTests */ = {
			isa = PBXNativeTarget;
			buildConfigurationList = C06DF49F1D578064004C46A2 /* Build configuration list for PBXNativeTarget "Darts CricketTests" */;
			buildPhases = (
				C06DF4841D578064004C46A2 /* Sources */,
				C06DF4851D578064004C46A2 /* Frameworks */,
				C06DF4861D578064004C46A2 /* Resources */,
			);
			buildRules = (
			);
			dependencies = (
				C06DF48A1D578064004C46A2 /* PBXTargetDependency */,
			);
			name = "Darts CricketTests";
			productName = "Darts CricketTests";
			productReference = C06DF4881D578064004C46A2 /* Darts CricketTests.xctest */;
			productType = "com.apple.product-type.bundle.unit-test";
		};
		C06DF4921D578064004C46A2 /* Darts CricketUITests */ = {
			isa = PBXNativeTarget;
			buildConfigurationList = C06DF4A21D578064004C46A2 /* Build configuration list for PBXNativeTarget "Darts CricketUITests" */;
			buildPhases = (
				C06DF48F1D578064004C46A2 /* Sources */,
				C06DF4901D578064004C46A2 /* Frameworks */,
				C06DF4911D578064004C46A2 /* Resources */,
			);
			buildRules = (
			);
			dependencies = (
				C06DF4951D578064004C46A2 /* PBXTargetDependency */,
			);
			name = "Darts CricketUITests";
			productName = "Darts CricketUITests";
			productReference = C06DF4931D578064004C46A2 /* Darts CricketUITests.xctest */;
			productType = "com.apple.product-type.bundle.ui-testing";
		};
/* End PBXNativeTarget section */

/* Begin PBXProject section */
		C06DF46A1D578064004C46A2 /* Project object */ = {
			isa = PBXProject;
			attributes = {
				LastSwiftUpdateCheck = 0730;
				LastUpgradeCheck = 0730;
				ORGANIZATIONNAME = "MVP Systems";
				TargetAttributes = {
					C06DF4711D578064004C46A2 = {
						CreatedOnToolsVersion = 7.3;
					};
					C06DF4871D578064004C46A2 = {
						CreatedOnToolsVersion = 7.3;
						TestTargetID = C06DF4711D578064004C46A2;
					};
					C06DF4921D578064004C46A2 = {
						CreatedOnToolsVersion = 7.3;
						TestTargetID = C06DF4711D578064004C46A2;
					};
				};
			};
			buildConfigurationList = C06DF46D1D578064004C46A2 /* Build configuration list for PBXProject "Darts Cricket" */;
			compatibilityVersion = "Xcode 3.2";
			developmentRegion = English;
			hasScannedForEncodings = 0;
			knownRegions = (
				en,
				Base,
			);
			mainGroup = C06DF4691D578064004C46A2;
			productRefGroup = C06DF4731D578064004C46A2 /* Products */;
			projectDirPath = "";
			projectRoot = "";
			targets = (
				C06DF4711D578064004C46A2 /* Darts Cricket */,
				C06DF4871D578064004C46A2 /* Darts CricketTests */,
				C06DF4921D578064004C46A2 /* Darts CricketUITests */,
			);
		};
/* End PBXProject section */

/* Begin PBXResourcesBuildPhase section */
		C06DF4701D578064004C46A2 /* Resources */ = {
			isa = PBXResourcesBuildPhase;
			buildActionMask = 2147483647;
			files = (
				C06DF4821D578064004C46A2 /* LaunchScreen.storyboard in Resources */,
				C06DF47F1D578064004C46A2 /* Assets.xcassets in Resources */,
				C06DF47D1D578064004C46A2 /* Main.storyboard in Resources */,
			);
			runOnlyForDeploymentPostprocessing = 0;
		};
		C06DF4861D578064004C46A2 /* Resources */ = {
			isa = PBXResourcesBuildPhase;
			buildActionMask = 2147483647;
			files = (
			);
			runOnlyForDeploymentPostprocessing = 0;
		};
		C06DF4911D578064004C46A2 /* Resources */ = {
			isa = PBXResourcesBuildPhase;
			buildActionMask = 2147483647;
			files = (
			);
			runOnlyForDeploymentPostprocessing = 0;
		};
/* End PBXResourcesBuildPhase section */

/* Begin PBXSourcesBuildPhase section */
		C06DF46E1D578064004C46A2 /* Sources */ = {
			isa = PBXSourcesBuildPhase;
			buildActionMask = 2147483647;
			files = (
				C06DF47A1D578064004C46A2 /* DetailViewController.swift in Sources */,
				C06DF4781D578064004C46A2 /* MasterViewController.swift in Sources */,
				C06DF4761D578064004C46A2 /* AppDelegate.swift in Sources */,
			);
			runOnlyForDeploymentPostprocessing = 0;
		};
		C06DF4841D578064004C46A2 /* Sources */ = {
			isa = PBXSourcesBuildPhase;
			buildActionMask = 2147483647;
			files = (
				C06DF48D1D578064004C46A2 /* Darts_CricketTests.swift in Sources */,
			);
			runOnlyForDeploymentPostprocessing = 0;
		};
		C06DF48F1D578064004C46A2 /* Sources */ = {
			isa = PBXSourcesBuildPhase;
			buildActionMask = 2147483647;
			files = (
				C06DF4981D578064004C46A2 /* Darts_CricketUITests.swift in Sources */,
			);
			runOnlyForDeploymentPostprocessing = 0;
		};
/* End PBXSourcesBuildPhase section */

/* Begin PBXTargetDependency section */
		C06DF48A1D578064004C46A2 /* PBXTargetDependency */ = {
			isa = PBXTargetDependency;
			target = C06DF4711D578064004C46A2 /* Darts Cricket */;
			targetProxy = C06DF4891D578064004C46A2 /* PBXContainerItemProxy */;
		};
		C06DF4951D578064004C46A2 /* PBXTargetDependency */ = {
			isa = PBXTargetDependency;
			target = C06DF4711D578064004C46A2 /* Darts Cricket */;
			targetProxy = C06DF4941D578064004C46A2 /* PBXContainerItemProxy */;
		};
/* End PBXTargetDependency section */

/* Begin PBXVariantGroup section */
		C06DF47B1D578064004C46A2 /* Main.storyboard */ = {
			isa = PBXVariantGroup;
			children = (
				C06DF47C1D578064004C46A2 /* Base */,
			);
			name = Main.storyboard;
			sourceTree = "<group>";
		};
		C06DF4801D578064004C46A2 /* LaunchScreen.storyboard */ = {
			isa = PBXVariantGroup;
			children = (
				C06DF4811D578064004C46A2 /* Base */,
			);
			name = LaunchScreen.storyboard;
			sourceTree = "<group>";
		};
/* End PBXVariantGroup section */

/* Begin XCBuildConfiguration section */
		C06DF49A1D578064004C46A2 /* Debug */ = {
			isa = XCBuildConfiguration;
			buildSettings = {
				ALWAYS_SEARCH_USER_PATHS = NO;
				CLANG_ANALYZER_NONNULL = YES;
				CLANG_CXX_LANGUAGE_STANDARD = "gnu++0x";
				CLANG_CXX_LIBRARY = "libc++";
				CLANG_ENABLE_MODULES = YES;
				CLANG_ENABLE_OBJC_ARC = YES;
				CLANG_WARN_BOOL_CONVERSION = YES;
				CLANG_WARN_CONSTANT_CONVERSION = YES;
				CLANG_WARN_DIRECT_OBJC_ISA_USAGE = YES_ERROR;
				CLANG_WARN_EMPTY_BODY = YES;
				CLANG_WARN_ENUM_CONVERSION = YES;
				CLANG_WARN_INT_CONVERSION = YES;
				CLANG_WARN_OBJC_ROOT_CLASS = YES_ERROR;
				CLANG_WARN_UNREACHABLE_CODE = YES;
				CLANG_WARN__DUPLICATE_METHOD_MATCH = YES;
				"CODE_SIGN_IDENTITY[sdk=iphoneos*]" = "iPhone Developer";
				COPY_PHASE_STRIP = NO;
				DEBUG_INFORMATION_FORMAT = dwarf;
				ENABLE_STRICT_OBJC_MSGSEND = YES;
				ENABLE_TESTABILITY = YES;
				GCC_C_LANGUAGE_STANDARD = gnu99;
				GCC_DYNAMIC_NO_PIC = NO;
				GCC_NO_COMMON_BLOCKS = YES;
				GCC_OPTIMIZATION_LEVEL = 0;
				GCC_PREPROCESSOR_DEFINITIONS = (
					"DEBUG=1",
					"$(inherited)",
				);
				GCC_WARN_64_TO_32_BIT_CONVERSION = YES;
				GCC_WARN_ABOUT_RETURN_TYPE = YES_ERROR;
				GCC_WARN_UNDECLARED_SELECTOR = YES;
				GCC_WARN_UNINITIALIZED_AUTOS = YES_AGGRESSIVE;
				GCC_WARN_UNUSED_FUNCTION = YES;
				GCC_WARN_UNUSED_VARIABLE = YES;
				IPHONEOS_DEPLOYMENT_TARGET = 9.3;
				MTL_ENABLE_DEBUG_INFO = YES;
				ONLY_ACTIVE_ARCH = YES;
				SDKROOT = iphoneos;
				SWIFT_OPTIMIZATION_LEVEL = "-Onone";
				TARGETED_DEVICE_FAMILY = 2;
			};
			name = Debug;
		};
		C06DF49B1D578064004C46A2 /* Release */ = {
			isa = XCBuildConfiguration;
			buildSettings = {
				ALWAYS_SEARCH_USER_PATHS = NO;
				CLANG_ANALYZER_NONNULL = YES;
				CLANG_CXX_LANGUAGE_STANDARD = "gnu++0x";
				CLANG_CXX_LIBRARY = "libc++";
				CLANG_ENABLE_MODULES = YES;
				CLANG_ENABLE_OBJC_ARC = YES;
				CLANG_WARN_BOOL_CONVERSION = YES;
				CLANG_WARN_CONSTANT_CONVERSION = YES;
				CLANG_WARN_DIRECT_OBJC_ISA_USAGE = YES_ERROR;
				CLANG_WARN_EMPTY_BODY = YES;
				CLANG_WARN_ENUM_CONVERSION = YES;
				CLANG_WARN_INT_CONVERSION = YES;
				CLANG_WARN_OBJC_ROOT_CLASS = YES_ERROR;
				CLANG_WARN_UNREACHABLE_CODE = YES;
				CLANG_WARN__DUPLICATE_METHOD_MATCH = YES;
				"CODE_SIGN_IDENTITY[sdk=iphoneos*]" = "iPhone Developer";
				COPY_PHASE_STRIP = NO;
				DEBUG_INFORMATION_FORMAT = "dwarf-with-dsym";
				ENABLE_NS_ASSERTIONS = NO;
				ENABLE_STRICT_OBJC_MSGSEND = YES;
				GCC_C_LANGUAGE_STANDARD = gnu99;
				GCC_NO_COMMON_BLOCKS = YES;
				GCC_WARN_64_TO_32_BIT_CONVERSION = YES;
				GCC_WARN_ABOUT_RETURN_TYPE = YES_ERROR;
				GCC_WARN_UNDECLARED_SELECTOR = YES;
				GCC_WARN_UNINITIALIZED_AUTOS = YES_AGGRESSIVE;
				GCC_WARN_UNUSED_FUNCTION = YES;
				GCC_WARN_UNUSED_VARIABLE = YES;
				IPHONEOS_DEPLOYMENT_TARGET = 9.3;
				MTL_ENABLE_DEBUG_INFO = NO;
				SDKROOT = iphoneos;
				TARGETED_DEVICE_FAMILY = 2;
				VALIDATE_PRODUCT = YES;
			};
			name = Release;
		};
		C06DF49D1D578064004C46A2 /* Debug */ = {
			isa = XCBuildConfiguration;
			buildSettings = {
				ASSETCATALOG_COMPILER_APPICON_NAME = AppIcon;
				INFOPLIST_FILE = "Darts Cricket/Info.plist";
				LD_RUNPATH_SEARCH_PATHS = "$(inherited) @executable_path/Frameworks";
				PRODUCT_BUNDLE_IDENTIFIER = "de.mvp-systems.Darts-Cricket";
				PRODUCT_NAME = "$(TARGET_NAME)";
			};
			name = Debug;
		};
		C06DF49E1D578064004C46A2 /* Release */ = {
			isa = XCBuildConfiguration;
			buildSettings = {
				ASSETCATALOG_COMPILER_APPICON_NAME = AppIcon;
				INFOPLIST_FILE = "Darts Cricket/Info.plist";
				LD_RUNPATH_SEARCH_PATHS = "$(inherited) @executable_path/Frameworks";
				PRODUCT_BUNDLE_IDENTIFIER = "de.mvp-systems.Darts-Cricket";
				PRODUCT_NAME = "$(TARGET_NAME)";
			};
			name = Release;
		};
		C06DF4A01D578064004C46A2 /* Debug */ = {
			isa = XCBuildConfiguration;
			buildSettings = {
				BUNDLE_LOADER = "$(TEST_HOST)";
				INFOPLIST_FILE = "Darts CricketTests/Info.plist";
				LD_RUNPATH_SEARCH_PATHS = "$(inherited) @executable_path/Frameworks @loader_path/Frameworks";
				PRODUCT_BUNDLE_IDENTIFIER = "de.mvp-systems.Darts-CricketTests";
				PRODUCT_NAME = "$(TARGET_NAME)";
				TEST_HOST = "$(BUILT_PRODUCTS_DIR)/Darts Cricket.app/Darts Cricket";
			};
			name = Debug;
		};
		C06DF4A11D578064004C46A2 /* Release */ = {
			isa = XCBuildConfiguration;
			buildSettings = {
				BUNDLE_LOADER = "$(TEST_HOST)";
				INFOPLIST_FILE = "Darts CricketTests/Info.plist";
				LD_RUNPATH_SEARCH_PATHS = "$(inherited) @executable_path/Frameworks @loader_path/Frameworks";
				PRODUCT_BUNDLE_IDENTIFIER = "de.mvp-systems.Darts-CricketTests";
				PRODUCT_NAME = "$(TARGET_NAME)";
				TEST_HOST = "$(BUILT_PRODUCTS_DIR)/Darts Cricket.app/Darts Cricket";
			};
			name = Release;
		};
		C06DF4A31D578064004C46A2 /* Debug */ = {
			isa = XCBuildConfiguration;
			buildSettings = {
				INFOPLIST_FILE = "Darts CricketUITests/Info.plist";
				LD_RUNPATH_SEARCH_PATHS = "$(inherited) @executable_path/Frameworks @loader_path/Frameworks";
				PRODUCT_BUNDLE_IDENTIFIER = "de.mvp-systems.Darts-CricketUITests";
				PRODUCT_NAME = "$(TARGET_NAME)";
				TEST_TARGET_NAME = "Darts Cricket";
			};
			name = Debug;
		};
		C06DF4A41D578064004C46A2 /* Release */ = {
			isa = XCBuildConfiguration;
			buildSettings = {
				INFOPLIST_FILE = "Darts CricketUITests/Info.plist";
				LD_RUNPATH_SEARCH_PATHS = "$(inherited) @executable_path/Frameworks @loader_path/Frameworks";
				PRODUCT_BUNDLE_IDENTIFIER = "de.mvp-systems.Darts-CricketUITests";
				PRODUCT_NAME = "$(TARGET_NAME)";
				TEST_TARGET_NAME = "Darts Cricket";
			};
			name = Release;
		};
/* End XCBuildConfiguration section */

/* Begin XCConfigurationList section */
		C06DF46D1D578064004C46A2 /* Build configuration list for PBXProject "Darts Cricket" */ = {
			isa = XCConfigurationList;
			buildConfigurations = (
				C06DF49A1D578064004C46A2 /* Debug */,
				C06DF49B1D578064004C46A2 /* Release */,
			);
			defaultConfigurationIsVisible = 0;
			defaultConfigurationName = Release;
		};
		C06DF49C1D578064004C46A2 /* Build configuration list for PBXNativeTarget "Darts Cricket" */ = {
			isa = XCConfigurationList;
			buildConfigurations = (
				C06DF49D1D578064004C46A2 /* Debug */,
				C06DF49E1D578064004C46A2 /* Release */,
			);
			defaultConfigurationIsVisible = 0;
		};
		C06DF49F1D578064004C46A2 /* Build configuration list for PBXNativeTarget "Darts CricketTests" */ = {
			isa = XCConfigurationList;
			buildConfigurations = (
				C06DF4A01D578064004C46A2 /* Debug */,
				C06DF4A11D578064004C46A2 /* Release */,
			);
			defaultConfigurationIsVisible = 0;
		};
		C06DF4A21D578064004C46A2 /* Build configuration list for PBXNativeTarget "Darts CricketUITests" */ = {
			isa = XCConfigurationList;
			buildConfigurations = (
				C06DF4A31D578064004C46A2 /* Debug */,
				C06DF4A41D578064004C46A2 /* Release */,
			);
			defaultConfigurationIsVisible = 0;
		};
/* End XCConfigurationList section */
	};
	rootObject = C06DF46A1D578064004C46A2 /* Project object */;
}
